// !$*UTF8*$!
{
	archiveVersion = 1;
	classes = {
	};
	objectVersion = 56;
	objects = {

/* Begin PBXBuildFile section */
		02CD09582AF16E9300866B06 /* Nerv_mk1App.swift in Sources */ = {isa = PBXBuildFile; fileRef = 02CD09572AF16E9300866B06 /* Nerv_mk1App.swift */; };
		02CD095A2AF16E9300866B06 /* ContentView.swift in Sources */ = {isa = PBXBuildFile; fileRef = 02CD09592AF16E9300866B06 /* ContentView.swift */; };
		02CD095C2AF16E9500866B06 /* Assets.xcassets in Resources */ = {isa = PBXBuildFile; fileRef = 02CD095B2AF16E9500866B06 /* Assets.xcassets */; };
		02CD095F2AF16E9500866B06 /* Preview Assets.xcassets in Resources */ = {isa = PBXBuildFile; fileRef = 02CD095E2AF16E9500866B06 /* Preview Assets.xcassets */; };
		02ED582D2AF29BE600F215CA /* LoginView.swift in Sources */ = {isa = PBXBuildFile; fileRef = 02ED582C2AF29BE600F215CA /* LoginView.swift */; };
		02ED582F2AF2ABF700F215CA /* InputView.swift in Sources */ = {isa = PBXBuildFile; fileRef = 02ED582E2AF2ABF700F215CA /* InputView.swift */; };
		02ED58312AF2B87600F215CA /* RegistrationView.swift in Sources */ = {isa = PBXBuildFile; fileRef = 02ED58302AF2B87600F215CA /* RegistrationView.swift */; };
		02ED58332AF2D02F00F215CA /* ProfileView.swift in Sources */ = {isa = PBXBuildFile; fileRef = 02ED58322AF2D02F00F215CA /* ProfileView.swift */; };
		02ED58362AF2D68700F215CA /* SettingsRowView.swift in Sources */ = {isa = PBXBuildFile; fileRef = 02ED58352AF2D68700F215CA /* SettingsRowView.swift */; };
		02ED58382AF2DB8800F215CA /* User.swift in Sources */ = {isa = PBXBuildFile; fileRef = 02ED58372AF2DB8800F215CA /* User.swift */; };
		02ED583A2AF2E6D600F215CA /* GoogleService-Info.plist in Resources */ = {isa = PBXBuildFile; fileRef = 02ED58392AF2E6D600F215CA /* GoogleService-Info.plist */; };
		02ED583D2AF2E7D000F215CA /* FirebaseAnalytics in Frameworks */ = {isa = PBXBuildFile; productRef = 02ED583C2AF2E7D000F215CA /* FirebaseAnalytics */; };
		02ED583F2AF2E7D000F215CA /* FirebaseAnalyticsOnDeviceConversion in Frameworks */ = {isa = PBXBuildFile; productRef = 02ED583E2AF2E7D000F215CA /* FirebaseAnalyticsOnDeviceConversion */; };
		02ED58412AF2E7D000F215CA /* FirebaseAnalyticsSwift in Frameworks */ = {isa = PBXBuildFile; productRef = 02ED58402AF2E7D000F215CA /* FirebaseAnalyticsSwift */; };
		02ED58432AF2E7D000F215CA /* FirebaseAnalyticsWithoutAdIdSupport in Frameworks */ = {isa = PBXBuildFile; productRef = 02ED58422AF2E7D000F215CA /* FirebaseAnalyticsWithoutAdIdSupport */; };
		02ED58452AF2E7D000F215CA /* FirebaseAppCheck in Frameworks */ = {isa = PBXBuildFile; productRef = 02ED58442AF2E7D000F215CA /* FirebaseAppCheck */; };
		02ED58472AF2E7D000F215CA /* FirebaseAppDistribution-Beta in Frameworks */ = {isa = PBXBuildFile; productRef = 02ED58462AF2E7D000F215CA /* FirebaseAppDistribution-Beta */; };
		02ED58492AF2E7D000F215CA /* FirebaseAuth in Frameworks */ = {isa = PBXBuildFile; productRef = 02ED58482AF2E7D000F215CA /* FirebaseAuth */; };
		02ED584B2AF2E7D000F215CA /* FirebaseAuthCombine-Community in Frameworks */ = {isa = PBXBuildFile; productRef = 02ED584A2AF2E7D000F215CA /* FirebaseAuthCombine-Community */; };
		02ED584D2AF2E7D000F215CA /* FirebaseCrashlytics in Frameworks */ = {isa = PBXBuildFile; productRef = 02ED584C2AF2E7D000F215CA /* FirebaseCrashlytics */; };
		02ED584F2AF2E7D000F215CA /* FirebaseDatabase in Frameworks */ = {isa = PBXBuildFile; productRef = 02ED584E2AF2E7D000F215CA /* FirebaseDatabase */; };
		02ED58512AF2E7D000F215CA /* FirebaseDatabaseSwift in Frameworks */ = {isa = PBXBuildFile; productRef = 02ED58502AF2E7D000F215CA /* FirebaseDatabaseSwift */; };
		02ED58532AF2E7D000F215CA /* FirebaseDynamicLinks in Frameworks */ = {isa = PBXBuildFile; productRef = 02ED58522AF2E7D000F215CA /* FirebaseDynamicLinks */; };
		02ED58552AF2E7D000F215CA /* FirebaseFirestore in Frameworks */ = {isa = PBXBuildFile; productRef = 02ED58542AF2E7D000F215CA /* FirebaseFirestore */; };
		02ED58572AF2E7D000F215CA /* FirebaseFirestoreCombine-Community in Frameworks */ = {isa = PBXBuildFile; productRef = 02ED58562AF2E7D000F215CA /* FirebaseFirestoreCombine-Community */; };
		02ED58592AF2E7D000F215CA /* FirebaseFirestoreSwift in Frameworks */ = {isa = PBXBuildFile; productRef = 02ED58582AF2E7D000F215CA /* FirebaseFirestoreSwift */; };
		02ED585B2AF2E7D000F215CA /* FirebaseFunctions in Frameworks */ = {isa = PBXBuildFile; productRef = 02ED585A2AF2E7D000F215CA /* FirebaseFunctions */; };
		02ED585D2AF2E7D000F215CA /* FirebaseFunctionsCombine-Community in Frameworks */ = {isa = PBXBuildFile; productRef = 02ED585C2AF2E7D000F215CA /* FirebaseFunctionsCombine-Community */; };
		02ED585F2AF2E7D000F215CA /* FirebaseInAppMessaging-Beta in Frameworks */ = {isa = PBXBuildFile; productRef = 02ED585E2AF2E7D000F215CA /* FirebaseInAppMessaging-Beta */; };
		02ED58612AF2E7D000F215CA /* FirebaseInAppMessagingSwift-Beta in Frameworks */ = {isa = PBXBuildFile; productRef = 02ED58602AF2E7D000F215CA /* FirebaseInAppMessagingSwift-Beta */; };
		02ED58632AF2E7D000F215CA /* FirebaseInstallations in Frameworks */ = {isa = PBXBuildFile; productRef = 02ED58622AF2E7D000F215CA /* FirebaseInstallations */; };
		02ED58652AF2E7D000F215CA /* FirebaseMLModelDownloader in Frameworks */ = {isa = PBXBuildFile; productRef = 02ED58642AF2E7D000F215CA /* FirebaseMLModelDownloader */; };
		02ED58672AF2E7D000F215CA /* FirebaseMessaging in Frameworks */ = {isa = PBXBuildFile; productRef = 02ED58662AF2E7D000F215CA /* FirebaseMessaging */; };
		02ED58692AF2E7D000F215CA /* FirebasePerformance in Frameworks */ = {isa = PBXBuildFile; productRef = 02ED58682AF2E7D000F215CA /* FirebasePerformance */; };
		02ED586B2AF2E7D000F215CA /* FirebaseRemoteConfig in Frameworks */ = {isa = PBXBuildFile; productRef = 02ED586A2AF2E7D000F215CA /* FirebaseRemoteConfig */; };
		02ED586D2AF2E7D000F215CA /* FirebaseRemoteConfigSwift in Frameworks */ = {isa = PBXBuildFile; productRef = 02ED586C2AF2E7D000F215CA /* FirebaseRemoteConfigSwift */; };
		02ED586F2AF2E7D000F215CA /* FirebaseStorage in Frameworks */ = {isa = PBXBuildFile; productRef = 02ED586E2AF2E7D000F215CA /* FirebaseStorage */; };
		02ED58712AF2E7D000F215CA /* FirebaseStorageCombine-Community in Frameworks */ = {isa = PBXBuildFile; productRef = 02ED58702AF2E7D000F215CA /* FirebaseStorageCombine-Community */; };
		02ED58752AF2E87300F215CA /* AuthViewModel.swift in Sources */ = {isa = PBXBuildFile; fileRef = 02ED58742AF2E87300F215CA /* AuthViewModel.swift */; };
		02ED587A2AFAC30C00F215CA /* NavigationsView.swift in Sources */ = {isa = PBXBuildFile; fileRef = 02ED58792AFAC30C00F215CA /* NavigationsView.swift */; };
		02ED587C2AFAD3B500F215CA /* SideMenuView.swift in Sources */ = {isa = PBXBuildFile; fileRef = 02ED587B2AFAD3B500F215CA /* SideMenuView.swift */; };
		02ED587E2AFAFC7600F215CA /* SettingsView.swift in Sources */ = {isa = PBXBuildFile; fileRef = 02ED587D2AFAFC7600F215CA /* SettingsView.swift */; };
		02ED58822AFFCAC800F215CA /* NotificationView.swift in Sources */ = {isa = PBXBuildFile; fileRef = 02ED58812AFFCAC800F215CA /* NotificationView.swift */; };
		02ED588C2AFFEA4E00F215CA /* Requests.swift in Sources */ = {isa = PBXBuildFile; fileRef = 02ED588B2AFFEA4E00F215CA /* Requests.swift */; };
		02ED588E2B00047800F215CA /* RequestView.swift in Sources */ = {isa = PBXBuildFile; fileRef = 02ED588D2B00047800F215CA /* RequestView.swift */; };
		02ED58902B038D1B00F215CA /* RequestAuthModel.swift in Sources */ = {isa = PBXBuildFile; fileRef = 02ED588F2B038D1B00F215CA /* RequestAuthModel.swift */; };
		02ED58942B0D0E7700F215CA /* NotificationsModel.swift in Sources */ = {isa = PBXBuildFile; fileRef = 02ED58932B0D0E7700F215CA /* NotificationsModel.swift */; };
		02ED589A2B0D477800F215CA /* RequestView2.swift in Sources */ = {isa = PBXBuildFile; fileRef = 02ED58992B0D477800F215CA /* RequestView2.swift */; };
/* End PBXBuildFile section */

/* Begin PBXFileReference section */
		02CD09542AF16E9300866B06 /* Nerv_mk1.app */ = {isa = PBXFileReference; explicitFileType = wrapper.application; includeInIndex = 0; path = Nerv_mk1.app; sourceTree = BUILT_PRODUCTS_DIR; };
		02CD09572AF16E9300866B06 /* Nerv_mk1App.swift */ = {isa = PBXFileReference; lastKnownFileType = sourcecode.swift; path = Nerv_mk1App.swift; sourceTree = "<group>"; };
		02CD09592AF16E9300866B06 /* ContentView.swift */ = {isa = PBXFileReference; lastKnownFileType = sourcecode.swift; path = ContentView.swift; sourceTree = "<group>"; };
		02CD095B2AF16E9500866B06 /* Assets.xcassets */ = {isa = PBXFileReference; lastKnownFileType = folder.assetcatalog; path = Assets.xcassets; sourceTree = "<group>"; };
		02CD095E2AF16E9500866B06 /* Preview Assets.xcassets */ = {isa = PBXFileReference; lastKnownFileType = folder.assetcatalog; path = "Preview Assets.xcassets"; sourceTree = "<group>"; };
		02ED582C2AF29BE600F215CA /* LoginView.swift */ = {isa = PBXFileReference; lastKnownFileType = sourcecode.swift; path = LoginView.swift; sourceTree = "<group>"; };
		02ED582E2AF2ABF700F215CA /* InputView.swift */ = {isa = PBXFileReference; lastKnownFileType = sourcecode.swift; path = InputView.swift; sourceTree = "<group>"; };
		02ED58302AF2B87600F215CA /* RegistrationView.swift */ = {isa = PBXFileReference; lastKnownFileType = sourcecode.swift; path = RegistrationView.swift; sourceTree = "<group>"; };
		02ED58322AF2D02F00F215CA /* ProfileView.swift */ = {isa = PBXFileReference; lastKnownFileType = sourcecode.swift; path = ProfileView.swift; sourceTree = "<group>"; };
		02ED58352AF2D68700F215CA /* SettingsRowView.swift */ = {isa = PBXFileReference; lastKnownFileType = sourcecode.swift; path = SettingsRowView.swift; sourceTree = "<group>"; };
		02ED58372AF2DB8800F215CA /* User.swift */ = {isa = PBXFileReference; lastKnownFileType = sourcecode.swift; path = User.swift; sourceTree = "<group>"; };
		02ED58392AF2E6D600F215CA /* GoogleService-Info.plist */ = {isa = PBXFileReference; lastKnownFileType = text.plist; path = "GoogleService-Info.plist"; sourceTree = SOURCE_ROOT; };
		02ED58742AF2E87300F215CA /* AuthViewModel.swift */ = {isa = PBXFileReference; lastKnownFileType = sourcecode.swift; path = AuthViewModel.swift; sourceTree = "<group>"; };
		02ED58792AFAC30C00F215CA /* NavigationsView.swift */ = {isa = PBXFileReference; lastKnownFileType = sourcecode.swift; path = NavigationsView.swift; sourceTree = "<group>"; };
		02ED587B2AFAD3B500F215CA /* SideMenuView.swift */ = {isa = PBXFileReference; lastKnownFileType = sourcecode.swift; path = SideMenuView.swift; sourceTree = "<group>"; };
		02ED587D2AFAFC7600F215CA /* SettingsView.swift */ = {isa = PBXFileReference; lastKnownFileType = sourcecode.swift; path = SettingsView.swift; sourceTree = "<group>"; };
		02ED58812AFFCAC800F215CA /* NotificationView.swift */ = {isa = PBXFileReference; lastKnownFileType = sourcecode.swift; path = NotificationView.swift; sourceTree = "<group>"; };
		02ED588B2AFFEA4E00F215CA /* Requests.swift */ = {isa = PBXFileReference; lastKnownFileType = sourcecode.swift; path = Requests.swift; sourceTree = "<group>"; };
		02ED588D2B00047800F215CA /* RequestView.swift */ = {isa = PBXFileReference; lastKnownFileType = sourcecode.swift; path = RequestView.swift; sourceTree = "<group>"; };
		02ED588F2B038D1B00F215CA /* RequestAuthModel.swift */ = {isa = PBXFileReference; lastKnownFileType = sourcecode.swift; path = RequestAuthModel.swift; sourceTree = "<group>"; };
		02ED58932B0D0E7700F215CA /* NotificationsModel.swift */ = {isa = PBXFileReference; lastKnownFileType = sourcecode.swift; path = NotificationsModel.swift; sourceTree = "<group>"; };
		02ED58992B0D477800F215CA /* RequestView2.swift */ = {isa = PBXFileReference; lastKnownFileType = sourcecode.swift; path = RequestView2.swift; sourceTree = "<group>"; };
/* End PBXFileReference section */

/* Begin PBXFrameworksBuildPhase section */
		02CD09512AF16E9300866B06 /* Frameworks */ = {
			isa = PBXFrameworksBuildPhase;
			buildActionMask = 2147483647;
			files = (
				02ED584F2AF2E7D000F215CA /* FirebaseDatabase in Frameworks */,
				02ED585D2AF2E7D000F215CA /* FirebaseFunctionsCombine-Community in Frameworks */,
				02ED58552AF2E7D000F215CA /* FirebaseFirestore in Frameworks */,
				02ED58412AF2E7D000F215CA /* FirebaseAnalyticsSwift in Frameworks */,
				02ED583D2AF2E7D000F215CA /* FirebaseAnalytics in Frameworks */,
				02ED583F2AF2E7D000F215CA /* FirebaseAnalyticsOnDeviceConversion in Frameworks */,
				02ED58652AF2E7D000F215CA /* FirebaseMLModelDownloader in Frameworks */,
				02ED58592AF2E7D000F215CA /* FirebaseFirestoreSwift in Frameworks */,
				02ED58452AF2E7D000F215CA /* FirebaseAppCheck in Frameworks */,
				02ED58432AF2E7D000F215CA /* FirebaseAnalyticsWithoutAdIdSupport in Frameworks */,
				02ED58492AF2E7D000F215CA /* FirebaseAuth in Frameworks */,
				02ED584D2AF2E7D000F215CA /* FirebaseCrashlytics in Frameworks */,
				02ED586D2AF2E7D000F215CA /* FirebaseRemoteConfigSwift in Frameworks */,
				02ED585F2AF2E7D000F215CA /* FirebaseInAppMessaging-Beta in Frameworks */,
				02ED58512AF2E7D000F215CA /* FirebaseDatabaseSwift in Frameworks */,
				02ED585B2AF2E7D000F215CA /* FirebaseFunctions in Frameworks */,
				02ED58712AF2E7D000F215CA /* FirebaseStorageCombine-Community in Frameworks */,
				02ED586B2AF2E7D000F215CA /* FirebaseRemoteConfig in Frameworks */,
				02ED58472AF2E7D000F215CA /* FirebaseAppDistribution-Beta in Frameworks */,
				02ED584B2AF2E7D000F215CA /* FirebaseAuthCombine-Community in Frameworks */,
				02ED58692AF2E7D000F215CA /* FirebasePerformance in Frameworks */,
				02ED58612AF2E7D000F215CA /* FirebaseInAppMessagingSwift-Beta in Frameworks */,
				02ED586F2AF2E7D000F215CA /* FirebaseStorage in Frameworks */,
				02ED58532AF2E7D000F215CA /* FirebaseDynamicLinks in Frameworks */,
				02ED58572AF2E7D000F215CA /* FirebaseFirestoreCombine-Community in Frameworks */,
				02ED58672AF2E7D000F215CA /* FirebaseMessaging in Frameworks */,
				02ED58632AF2E7D000F215CA /* FirebaseInstallations in Frameworks */,
			);
			runOnlyForDeploymentPostprocessing = 0;
		};
/* End PBXFrameworksBuildPhase section */

/* Begin PBXGroup section */
		02CD094B2AF16E9300866B06 = {
			isa = PBXGroup;
			children = (
				02CD09562AF16E9300866B06 /* Nerv_mk1 */,
				02CD09552AF16E9300866B06 /* Products */,
			);
			sourceTree = "<group>";
		};
		02CD09552AF16E9300866B06 /* Products */ = {
			isa = PBXGroup;
			children = (
				02CD09542AF16E9300866B06 /* Nerv_mk1.app */,
			);
			name = Products;
			sourceTree = "<group>";
		};
		02CD09562AF16E9300866B06 /* Nerv_mk1 */ = {
			isa = PBXGroup;
			children = (
				02CD09652AF16EB800866B06 /* App */,
				02CD09662AF16ED600866B06 /* Components */,
				02CD09672AF16EEB00866B06 /* Core */,
				02CD09682AF16F0700866B06 /* Model */,
				02CD095B2AF16E9500866B06 /* Assets.xcassets */,
				02ED58392AF2E6D600F215CA /* GoogleService-Info.plist */,
				02CD095D2AF16E9500866B06 /* Preview Content */,
			);
			path = Nerv_mk1;
			sourceTree = "<group>";
		};
		02CD095D2AF16E9500866B06 /* Preview Content */ = {
			isa = PBXGroup;
			children = (
				02CD095E2AF16E9500866B06 /* Preview Assets.xcassets */,
			);
			path = "Preview Content";
			sourceTree = "<group>";
		};
		02CD09652AF16EB800866B06 /* App */ = {
			isa = PBXGroup;
			children = (
				02CD09572AF16E9300866B06 /* Nerv_mk1App.swift */,
			);
			path = App;
			sourceTree = "<group>";
		};
		02CD09662AF16ED600866B06 /* Components */ = {
			isa = PBXGroup;
			children = (
				02ED582E2AF2ABF700F215CA /* InputView.swift */,
				02ED58352AF2D68700F215CA /* SettingsRowView.swift */,
			);
			path = Components;
			sourceTree = "<group>";
		};
		02CD09672AF16EEB00866B06 /* Core */ = {
			isa = PBXGroup;
			children = (
				02CD096A2AF16F9900866B06 /* Authentication */,
				02CD096B2AF16FA800866B06 /* Profile */,
				02CD09692AF16F6300866B06 /* Root */,
			);
			path = Core;
			sourceTree = "<group>";
		};
		02CD09682AF16F0700866B06 /* Model */ = {
			isa = PBXGroup;
			children = (
				02ED58372AF2DB8800F215CA /* User.swift */,
				02ED588B2AFFEA4E00F215CA /* Requests.swift */,
				02ED58932B0D0E7700F215CA /* NotificationsModel.swift */,
			);
			path = Model;
			sourceTree = "<group>";
		};
		02CD09692AF16F6300866B06 /* Root */ = {
			isa = PBXGroup;
			children = (
				02ED58792AFAC30C00F215CA /* NavigationsView.swift */,
				02CD09592AF16E9300866B06 /* ContentView.swift */,
				02ED587B2AFAD3B500F215CA /* SideMenuView.swift */,
				02ED587D2AFAFC7600F215CA /* SettingsView.swift */,
				02ED58812AFFCAC800F215CA /* NotificationView.swift */,
				02ED58992B0D477800F215CA /* RequestView2.swift */,
				02ED588D2B00047800F215CA /* RequestView.swift */,
			);
			path = Root;
			sourceTree = "<group>";
		};
		02CD096A2AF16F9900866B06 /* Authentication */ = {
			isa = PBXGroup;
			children = (
				02ED58722AF2E84000F215CA /* View */,
				02ED58732AF2E85000F215CA /* ViewModel */,
			);
			path = Authentication;
			sourceTree = "<group>";
		};
		02CD096B2AF16FA800866B06 /* Profile */ = {
			isa = PBXGroup;
			children = (
				02ED58322AF2D02F00F215CA /* ProfileView.swift */,
			);
			path = Profile;
			sourceTree = "<group>";
		};
		02ED58722AF2E84000F215CA /* View */ = {
			isa = PBXGroup;
			children = (
				02ED582C2AF29BE600F215CA /* LoginView.swift */,
				02ED58302AF2B87600F215CA /* RegistrationView.swift */,
			);
			path = View;
			sourceTree = "<group>";
		};
		02ED58732AF2E85000F215CA /* ViewModel */ = {
			isa = PBXGroup;
			children = (
				02ED58742AF2E87300F215CA /* AuthViewModel.swift */,
				02ED588F2B038D1B00F215CA /* RequestAuthModel.swift */,
			);
			path = ViewModel;
			sourceTree = "<group>";
		};
/* End PBXGroup section */

/* Begin PBXNativeTarget section */
		02CD09532AF16E9300866B06 /* Nerv_mk1 */ = {
			isa = PBXNativeTarget;
			buildConfigurationList = 02CD09622AF16E9500866B06 /* Build configuration list for PBXNativeTarget "Nerv_mk1" */;
			buildPhases = (
				02CD09502AF16E9300866B06 /* Sources */,
				02CD09512AF16E9300866B06 /* Frameworks */,
				02CD09522AF16E9300866B06 /* Resources */,
			);
			buildRules = (
			);
			dependencies = (
			);
			name = Nerv_mk1;
			packageProductDependencies = (
				02ED583C2AF2E7D000F215CA /* FirebaseAnalytics */,
				02ED583E2AF2E7D000F215CA /* FirebaseAnalyticsOnDeviceConversion */,
				02ED58402AF2E7D000F215CA /* FirebaseAnalyticsSwift */,
				02ED58422AF2E7D000F215CA /* FirebaseAnalyticsWithoutAdIdSupport */,
				02ED58442AF2E7D000F215CA /* FirebaseAppCheck */,
				02ED58462AF2E7D000F215CA /* FirebaseAppDistribution-Beta */,
				02ED58482AF2E7D000F215CA /* FirebaseAuth */,
				02ED584A2AF2E7D000F215CA /* FirebaseAuthCombine-Community */,
				02ED584C2AF2E7D000F215CA /* FirebaseCrashlytics */,
				02ED584E2AF2E7D000F215CA /* FirebaseDatabase */,
				02ED58502AF2E7D000F215CA /* FirebaseDatabaseSwift */,
				02ED58522AF2E7D000F215CA /* FirebaseDynamicLinks */,
				02ED58542AF2E7D000F215CA /* FirebaseFirestore */,
				02ED58562AF2E7D000F215CA /* FirebaseFirestoreCombine-Community */,
				02ED58582AF2E7D000F215CA /* FirebaseFirestoreSwift */,
				02ED585A2AF2E7D000F215CA /* FirebaseFunctions */,
				02ED585C2AF2E7D000F215CA /* FirebaseFunctionsCombine-Community */,
				02ED585E2AF2E7D000F215CA /* FirebaseInAppMessaging-Beta */,
				02ED58602AF2E7D000F215CA /* FirebaseInAppMessagingSwift-Beta */,
				02ED58622AF2E7D000F215CA /* FirebaseInstallations */,
				02ED58642AF2E7D000F215CA /* FirebaseMLModelDownloader */,
				02ED58662AF2E7D000F215CA /* FirebaseMessaging */,
				02ED58682AF2E7D000F215CA /* FirebasePerformance */,
				02ED586A2AF2E7D000F215CA /* FirebaseRemoteConfig */,
				02ED586C2AF2E7D000F215CA /* FirebaseRemoteConfigSwift */,
				02ED586E2AF2E7D000F215CA /* FirebaseStorage */,
				02ED58702AF2E7D000F215CA /* FirebaseStorageCombine-Community */,
			);
			productName = Nerv_mk1;
			productReference = 02CD09542AF16E9300866B06 /* Nerv_mk1.app */;
			productType = "com.apple.product-type.application";
		};
/* End PBXNativeTarget section */

/* Begin PBXProject section */
		02CD094C2AF16E9300866B06 /* Project object */ = {
			isa = PBXProject;
			attributes = {
				BuildIndependentTargetsInParallel = 1;
				LastSwiftUpdateCheck = 1500;
				LastUpgradeCheck = 1500;
				TargetAttributes = {
					02CD09532AF16E9300866B06 = {
						CreatedOnToolsVersion = 15.0;
					};
				};
			};
			buildConfigurationList = 02CD094F2AF16E9300866B06 /* Build configuration list for PBXProject "Nerv_mk1" */;
			compatibilityVersion = "Xcode 14.0";
			developmentRegion = en;
			hasScannedForEncodings = 0;
			knownRegions = (
				en,
				Base,
			);
			mainGroup = 02CD094B2AF16E9300866B06;
			packageReferences = (
				02ED583B2AF2E7D000F215CA /* XCRemoteSwiftPackageReference "firebase-ios-sdk" */,
			);
			productRefGroup = 02CD09552AF16E9300866B06 /* Products */;
			projectDirPath = "";
			projectRoot = "";
			targets = (
				02CD09532AF16E9300866B06 /* Nerv_mk1 */,
			);
		};
/* End PBXProject section */

/* Begin PBXResourcesBuildPhase section */
		02CD09522AF16E9300866B06 /* Resources */ = {
			isa = PBXResourcesBuildPhase;
			buildActionMask = 2147483647;
			files = (
				02CD095F2AF16E9500866B06 /* Preview Assets.xcassets in Resources */,
				02CD095C2AF16E9500866B06 /* Assets.xcassets in Resources */,
				02ED583A2AF2E6D600F215CA /* GoogleService-Info.plist in Resources */,
			);
			runOnlyForDeploymentPostprocessing = 0;
		};
/* End PBXResourcesBuildPhase section */

/* Begin PBXSourcesBuildPhase section */
		02CD09502AF16E9300866B06 /* Sources */ = {
			isa = PBXSourcesBuildPhase;
			buildActionMask = 2147483647;
			files = (
				02ED582D2AF29BE600F215CA /* LoginView.swift in Sources */,
				02ED582F2AF2ABF700F215CA /* InputView.swift in Sources */,
				02ED587A2AFAC30C00F215CA /* NavigationsView.swift in Sources */,
				02ED589A2B0D477800F215CA /* RequestView2.swift in Sources */,
				02ED588E2B00047800F215CA /* RequestView.swift in Sources */,
				02ED588C2AFFEA4E00F215CA /* Requests.swift in Sources */,
				02CD095A2AF16E9300866B06 /* ContentView.swift in Sources */,
				02ED587C2AFAD3B500F215CA /* SideMenuView.swift in Sources */,
				02CD09582AF16E9300866B06 /* Nerv_mk1App.swift in Sources */,
				02ED58902B038D1B00F215CA /* RequestAuthModel.swift in Sources */,
				02ED58382AF2DB8800F215CA /* User.swift in Sources */,
				02ED58332AF2D02F00F215CA /* ProfileView.swift in Sources */,
				02ED58942B0D0E7700F215CA /* NotificationsModel.swift in Sources */,
				02ED58822AFFCAC800F215CA /* NotificationView.swift in Sources */,
				02ED58312AF2B87600F215CA /* RegistrationView.swift in Sources */,
				02ED587E2AFAFC7600F215CA /* SettingsView.swift in Sources */,
				02ED58362AF2D68700F215CA /* SettingsRowView.swift in Sources */,
				02ED58752AF2E87300F215CA /* AuthViewModel.swift in Sources */,
			);
			runOnlyForDeploymentPostprocessing = 0;
		};
/* End PBXSourcesBuildPhase section */

/* Begin XCBuildConfiguration section */
		02CD09602AF16E9500866B06 /* Debug */ = {
			isa = XCBuildConfiguration;
			buildSettings = {
				ALWAYS_SEARCH_USER_PATHS = NO;
				ASSETCATALOG_COMPILER_GENERATE_SWIFT_ASSET_SYMBOL_EXTENSIONS = YES;
				CLANG_ANALYZER_NONNULL = YES;
				CLANG_ANALYZER_NUMBER_OBJECT_CONVERSION = YES_AGGRESSIVE;
				CLANG_CXX_LANGUAGE_STANDARD = "gnu++20";
				CLANG_ENABLE_MODULES = YES;
				CLANG_ENABLE_OBJC_ARC = YES;
				CLANG_ENABLE_OBJC_WEAK = YES;
				CLANG_WARN_BLOCK_CAPTURE_AUTORELEASING = YES;
				CLANG_WARN_BOOL_CONVERSION = YES;
				CLANG_WARN_COMMA = YES;
				CLANG_WARN_CONSTANT_CONVERSION = YES;
				CLANG_WARN_DEPRECATED_OBJC_IMPLEMENTATIONS = YES;
				CLANG_WARN_DIRECT_OBJC_ISA_USAGE = YES_ERROR;
				CLANG_WARN_DOCUMENTATION_COMMENTS = YES;
				CLANG_WARN_EMPTY_BODY = YES;
				CLANG_WARN_ENUM_CONVERSION = YES;
				CLANG_WARN_INFINITE_RECURSION = YES;
				CLANG_WARN_INT_CONVERSION = YES;
				CLANG_WARN_NON_LITERAL_NULL_CONVERSION = YES;
				CLANG_WARN_OBJC_IMPLICIT_RETAIN_SELF = YES;
				CLANG_WARN_OBJC_LITERAL_CONVERSION = YES;
				CLANG_WARN_OBJC_ROOT_CLASS = YES_ERROR;
				CLANG_WARN_QUOTED_INCLUDE_IN_FRAMEWORK_HEADER = YES;
				CLANG_WARN_RANGE_LOOP_ANALYSIS = YES;
				CLANG_WARN_STRICT_PROTOTYPES = YES;
				CLANG_WARN_SUSPICIOUS_MOVE = YES;
				CLANG_WARN_UNGUARDED_AVAILABILITY = YES_AGGRESSIVE;
				CLANG_WARN_UNREACHABLE_CODE = YES;
				CLANG_WARN__DUPLICATE_METHOD_MATCH = YES;
				COPY_PHASE_STRIP = NO;
				DEBUG_INFORMATION_FORMAT = dwarf;
				ENABLE_STRICT_OBJC_MSGSEND = YES;
				ENABLE_TESTABILITY = YES;
				ENABLE_USER_SCRIPT_SANDBOXING = YES;
				GCC_C_LANGUAGE_STANDARD = gnu17;
				GCC_DYNAMIC_NO_PIC = NO;
				GCC_NO_COMMON_BLOCKS = YES;
				GCC_OPTIMIZATION_LEVEL = 0;
				GCC_PREPROCESSOR_DEFINITIONS = (
					"DEBUG=1",
					"$(inherited)",
				);
				GCC_WARN_64_TO_32_BIT_CONVERSION = YES;
				GCC_WARN_ABOUT_RETURN_TYPE = YES_ERROR;
				GCC_WARN_UNDECLARED_SELECTOR = YES;
				GCC_WARN_UNINITIALIZED_AUTOS = YES_AGGRESSIVE;
				GCC_WARN_UNUSED_FUNCTION = YES;
				GCC_WARN_UNUSED_VARIABLE = YES;
				IPHONEOS_DEPLOYMENT_TARGET = 16.4;
				LOCALIZATION_PREFERS_STRING_CATALOGS = YES;
				MTL_ENABLE_DEBUG_INFO = INCLUDE_SOURCE;
				MTL_FAST_MATH = YES;
				ONLY_ACTIVE_ARCH = YES;
				SDKROOT = iphoneos;
				SWIFT_ACTIVE_COMPILATION_CONDITIONS = "DEBUG $(inherited)";
				SWIFT_OPTIMIZATION_LEVEL = "-Onone";
			};
			name = Debug;
		};
		02CD09612AF16E9500866B06 /* Release */ = {
			isa = XCBuildConfiguration;
			buildSettings = {
				ALWAYS_SEARCH_USER_PATHS = NO;
				ASSETCATALOG_COMPILER_GENERATE_SWIFT_ASSET_SYMBOL_EXTENSIONS = YES;
				CLANG_ANALYZER_NONNULL = YES;
				CLANG_ANALYZER_NUMBER_OBJECT_CONVERSION = YES_AGGRESSIVE;
				CLANG_CXX_LANGUAGE_STANDARD = "gnu++20";
				CLANG_ENABLE_MODULES = YES;
				CLANG_ENABLE_OBJC_ARC = YES;
				CLANG_ENABLE_OBJC_WEAK = YES;
				CLANG_WARN_BLOCK_CAPTURE_AUTORELEASING = YES;
				CLANG_WARN_BOOL_CONVERSION = YES;
				CLANG_WARN_COMMA = YES;
				CLANG_WARN_CONSTANT_CONVERSION = YES;
				CLANG_WARN_DEPRECATED_OBJC_IMPLEMENTATIONS = YES;
				CLANG_WARN_DIRECT_OBJC_ISA_USAGE = YES_ERROR;
				CLANG_WARN_DOCUMENTATION_COMMENTS = YES;
				CLANG_WARN_EMPTY_BODY = YES;
				CLANG_WARN_ENUM_CONVERSION = YES;
				CLANG_WARN_INFINITE_RECURSION = YES;
				CLANG_WARN_INT_CONVERSION = YES;
				CLANG_WARN_NON_LITERAL_NULL_CONVERSION = YES;
				CLANG_WARN_OBJC_IMPLICIT_RETAIN_SELF = YES;
				CLANG_WARN_OBJC_LITERAL_CONVERSION = YES;
				CLANG_WARN_OBJC_ROOT_CLASS = YES_ERROR;
				CLANG_WARN_QUOTED_INCLUDE_IN_FRAMEWORK_HEADER = YES;
				CLANG_WARN_RANGE_LOOP_ANALYSIS = YES;
				CLANG_WARN_STRICT_PROTOTYPES = YES;
				CLANG_WARN_SUSPICIOUS_MOVE = YES;
				CLANG_WARN_UNGUARDED_AVAILABILITY = YES_AGGRESSIVE;
				CLANG_WARN_UNREACHABLE_CODE = YES;
				CLANG_WARN__DUPLICATE_METHOD_MATCH = YES;
				COPY_PHASE_STRIP = NO;
				DEBUG_INFORMATION_FORMAT = "dwarf-with-dsym";
				ENABLE_NS_ASSERTIONS = NO;
				ENABLE_STRICT_OBJC_MSGSEND = YES;
				ENABLE_USER_SCRIPT_SANDBOXING = YES;
				GCC_C_LANGUAGE_STANDARD = gnu17;
				GCC_NO_COMMON_BLOCKS = YES;
				GCC_WARN_64_TO_32_BIT_CONVERSION = YES;
				GCC_WARN_ABOUT_RETURN_TYPE = YES_ERROR;
				GCC_WARN_UNDECLARED_SELECTOR = YES;
				GCC_WARN_UNINITIALIZED_AUTOS = YES_AGGRESSIVE;
				GCC_WARN_UNUSED_FUNCTION = YES;
				GCC_WARN_UNUSED_VARIABLE = YES;
				IPHONEOS_DEPLOYMENT_TARGET = 16.4;
				LOCALIZATION_PREFERS_STRING_CATALOGS = YES;
				MTL_ENABLE_DEBUG_INFO = NO;
				MTL_FAST_MATH = YES;
				SDKROOT = iphoneos;
				SWIFT_COMPILATION_MODE = wholemodule;
				VALIDATE_PRODUCT = YES;
			};
			name = Release;
		};
		02CD09632AF16E9500866B06 /* Debug */ = {
			isa = XCBuildConfiguration;
			buildSettings = {
				ASSETCATALOG_COMPILER_APPICON_NAME = AppIcon;
				ASSETCATALOG_COMPILER_GLOBAL_ACCENT_COLOR_NAME = AccentColor;
				CODE_SIGN_STYLE = Automatic;
				CURRENT_PROJECT_VERSION = 1;
				DEVELOPMENT_ASSET_PATHS = "\"Nerv_mk1/Preview Content\"";
				ENABLE_PREVIEWS = YES;
				GENERATE_INFOPLIST_FILE = YES;
				INFOPLIST_KEY_UIApplicationSceneManifest_Generation = YES;
				INFOPLIST_KEY_UIApplicationSupportsIndirectInputEvents = YES;
				INFOPLIST_KEY_UILaunchScreen_Generation = YES;
				INFOPLIST_KEY_UISupportedInterfaceOrientations_iPad = "UIInterfaceOrientationPortrait UIInterfaceOrientationPortraitUpsideDown UIInterfaceOrientationLandscapeLeft UIInterfaceOrientationLandscapeRight";
				INFOPLIST_KEY_UISupportedInterfaceOrientations_iPhone = "UIInterfaceOrientationPortrait UIInterfaceOrientationLandscapeLeft UIInterfaceOrientationLandscapeRight";
				IPHONEOS_DEPLOYMENT_TARGET = 16.4;
				LD_RUNPATH_SEARCH_PATHS = (
					"$(inherited)",
					"@executable_path/Frameworks",
				);
				MARKETING_VERSION = 1.0;
				PRODUCT_BUNDLE_IDENTIFIER = "Hallett.Nerv-mk1";
				PRODUCT_NAME = "$(TARGET_NAME)";
				SWIFT_EMIT_LOC_STRINGS = YES;
				SWIFT_VERSION = 5.0;
				TARGETED_DEVICE_FAMILY = "1,2";
			};
			name = Debug;
		};
		02CD09642AF16E9500866B06 /* Release */ = {
			isa = XCBuildConfiguration;
			buildSettings = {
				ASSETCATALOG_COMPILER_APPICON_NAME = AppIcon;
				ASSETCATALOG_COMPILER_GLOBAL_ACCENT_COLOR_NAME = AccentColor;
				CODE_SIGN_STYLE = Automatic;
				CURRENT_PROJECT_VERSION = 1;
				DEVELOPMENT_ASSET_PATHS = "\"Nerv_mk1/Preview Content\"";
				ENABLE_PREVIEWS = YES;
				GENERATE_INFOPLIST_FILE = YES;
				INFOPLIST_KEY_UIApplicationSceneManifest_Generation = YES;
				INFOPLIST_KEY_UIApplicationSupportsIndirectInputEvents = YES;
				INFOPLIST_KEY_UILaunchScreen_Generation = YES;
				INFOPLIST_KEY_UISupportedInterfaceOrientations_iPad = "UIInterfaceOrientationPortrait UIInterfaceOrientationPortraitUpsideDown UIInterfaceOrientationLandscapeLeft UIInterfaceOrientationLandscapeRight";
				INFOPLIST_KEY_UISupportedInterfaceOrientations_iPhone = "UIInterfaceOrientationPortrait UIInterfaceOrientationLandscapeLeft UIInterfaceOrientationLandscapeRight";
				IPHONEOS_DEPLOYMENT_TARGET = 16.4;
				LD_RUNPATH_SEARCH_PATHS = (
					"$(inherited)",
					"@executable_path/Frameworks",
				);
				MARKETING_VERSION = 1.0;
				PRODUCT_BUNDLE_IDENTIFIER = "Hallett.Nerv-mk1";
				PRODUCT_NAME = "$(TARGET_NAME)";
				SWIFT_EMIT_LOC_STRINGS = YES;
				SWIFT_VERSION = 5.0;
				TARGETED_DEVICE_FAMILY = "1,2";
			};
			name = Release;
		};
/* End XCBuildConfiguration section */

/* Begin XCConfigurationList section */
		02CD094F2AF16E9300866B06 /* Build configuration list for PBXProject "Nerv_mk1" */ = {
			isa = XCConfigurationList;
			buildConfigurations = (
				02CD09602AF16E9500866B06 /* Debug */,
				02CD09612AF16E9500866B06 /* Release */,
			);
			defaultConfigurationIsVisible = 0;
			defaultConfigurationName = Release;
		};
		02CD09622AF16E9500866B06 /* Build configuration list for PBXNativeTarget "Nerv_mk1" */ = {
			isa = XCConfigurationList;
			buildConfigurations = (
				02CD09632AF16E9500866B06 /* Debug */,
				02CD09642AF16E9500866B06 /* Release */,
			);
			defaultConfigurationIsVisible = 0;
			defaultConfigurationName = Release;
		};
/* End XCConfigurationList section */

/* Begin XCRemoteSwiftPackageReference section */
		02ED583B2AF2E7D000F215CA /* XCRemoteSwiftPackageReference "firebase-ios-sdk" */ = {
			isa = XCRemoteSwiftPackageReference;
			repositoryURL = "https://github.com/firebase/firebase-ios-sdk";
			requirement = {
				kind = upToNextMajorVersion;
				minimumVersion = 10.17.0;
			};
		};
/* End XCRemoteSwiftPackageReference section */

/* Begin XCSwiftPackageProductDependency section */
		02ED583C2AF2E7D000F215CA /* FirebaseAnalytics */ = {
			isa = XCSwiftPackageProductDependency;
			package = 02ED583B2AF2E7D000F215CA /* XCRemoteSwiftPackageReference "firebase-ios-sdk" */;
			productName = FirebaseAnalytics;
		};
		02ED583E2AF2E7D000F215CA /* FirebaseAnalyticsOnDeviceConversion */ = {
			isa = XCSwiftPackageProductDependency;
			package = 02ED583B2AF2E7D000F215CA /* XCRemoteSwiftPackageReference "firebase-ios-sdk" */;
			productName = FirebaseAnalyticsOnDeviceConversion;
		};
		02ED58402AF2E7D000F215CA /* FirebaseAnalyticsSwift */ = {
			isa = XCSwiftPackageProductDependency;
			package = 02ED583B2AF2E7D000F215CA /* XCRemoteSwiftPackageReference "firebase-ios-sdk" */;
			productName = FirebaseAnalyticsSwift;
		};
		02ED58422AF2E7D000F215CA /* FirebaseAnalyticsWithoutAdIdSupport */ = {
			isa = XCSwiftPackageProductDependency;
			package = 02ED583B2AF2E7D000F215CA /* XCRemoteSwiftPackageReference "firebase-ios-sdk" */;
			productName = FirebaseAnalyticsWithoutAdIdSupport;
		};
		02ED58442AF2E7D000F215CA /* FirebaseAppCheck */ = {
			isa = XCSwiftPackageProductDependency;
			package = 02ED583B2AF2E7D000F215CA /* XCRemoteSwiftPackageReference "firebase-ios-sdk" */;
			productName = FirebaseAppCheck;
		};
		02ED58462AF2E7D000F215CA /* FirebaseAppDistribution-Beta */ = {
			isa = XCSwiftPackageProductDependency;
			package = 02ED583B2AF2E7D000F215CA /* XCRemoteSwiftPackageReference "firebase-ios-sdk" */;
			productName = "FirebaseAppDistribution-Beta";
		};
		02ED58482AF2E7D000F215CA /* FirebaseAuth */ = {
			isa = XCSwiftPackageProductDependency;
			package = 02ED583B2AF2E7D000F215CA /* XCRemoteSwiftPackageReference "firebase-ios-sdk" */;
			productName = FirebaseAuth;
		};
		02ED584A2AF2E7D000F215CA /* FirebaseAuthCombine-Community */ = {
			isa = XCSwiftPackageProductDependency;
			package = 02ED583B2AF2E7D000F215CA /* XCRemoteSwiftPackageReference "firebase-ios-sdk" */;
			productName = "FirebaseAuthCombine-Community";
		};
		02ED584C2AF2E7D000F215CA /* FirebaseCrashlytics */ = {
			isa = XCSwiftPackageProductDependency;
			package = 02ED583B2AF2E7D000F215CA /* XCRemoteSwiftPackageReference "firebase-ios-sdk" */;
			productName = FirebaseCrashlytics;
		};
		02ED584E2AF2E7D000F215CA /* FirebaseDatabase */ = {
			isa = XCSwiftPackageProductDependency;
			package = 02ED583B2AF2E7D000F215CA /* XCRemoteSwiftPackageReference "firebase-ios-sdk" */;
			productName = FirebaseDatabase;
		};
		02ED58502AF2E7D000F215CA /* FirebaseDatabaseSwift */ = {
			isa = XCSwiftPackageProductDependency;
			package = 02ED583B2AF2E7D000F215CA /* XCRemoteSwiftPackageReference "firebase-ios-sdk" */;
			productName = FirebaseDatabaseSwift;
		};
		02ED58522AF2E7D000F215CA /* FirebaseDynamicLinks */ = {
			isa = XCSwiftPackageProductDependency;
			package = 02ED583B2AF2E7D000F215CA /* XCRemoteSwiftPackageReference "firebase-ios-sdk" */;
			productName = FirebaseDynamicLinks;
		};
		02ED58542AF2E7D000F215CA /* FirebaseFirestore */ = {
			isa = XCSwiftPackageProductDependency;
			package = 02ED583B2AF2E7D000F215CA /* XCRemoteSwiftPackageReference "firebase-ios-sdk" */;
			productName = FirebaseFirestore;
		};
		02ED58562AF2E7D000F215CA /* FirebaseFirestoreCombine-Community */ = {
			isa = XCSwiftPackageProductDependency;
			package = 02ED583B2AF2E7D000F215CA /* XCRemoteSwiftPackageReference "firebase-ios-sdk" */;
			productName = "FirebaseFirestoreCombine-Community";
		};
		02ED58582AF2E7D000F215CA /* FirebaseFirestoreSwift */ = {
			isa = XCSwiftPackageProductDependency;
			package = 02ED583B2AF2E7D000F215CA /* XCRemoteSwiftPackageReference "firebase-ios-sdk" */;
			productName = FirebaseFirestoreSwift;
		};
		02ED585A2AF2E7D000F215CA /* FirebaseFunctions */ = {
			isa = XCSwiftPackageProductDependency;
			package = 02ED583B2AF2E7D000F215CA /* XCRemoteSwiftPackageReference "firebase-ios-sdk" */;
			productName = FirebaseFunctions;
		};
		02ED585C2AF2E7D000F215CA /* FirebaseFunctionsCombine-Community */ = {
			isa = XCSwiftPackageProductDependency;
			package = 02ED583B2AF2E7D000F215CA /* XCRemoteSwiftPackageReference "firebase-ios-sdk" */;
			productName = "FirebaseFunctionsCombine-Community";
		};
		02ED585E2AF2E7D000F215CA /* FirebaseInAppMessaging-Beta */ = {
			isa = XCSwiftPackageProductDependency;
			package = 02ED583B2AF2E7D000F215CA /* XCRemoteSwiftPackageReference "firebase-ios-sdk" */;
			productName = "FirebaseInAppMessaging-Beta";
		};
		02ED58602AF2E7D000F215CA /* FirebaseInAppMessagingSwift-Beta */ = {
			isa = XCSwiftPackageProductDependency;
			package = 02ED583B2AF2E7D000F215CA /* XCRemoteSwiftPackageReference "firebase-ios-sdk" */;
			productName = "FirebaseInAppMessagingSwift-Beta";
		};
		02ED58622AF2E7D000F215CA /* FirebaseInstallations */ = {
			isa = XCSwiftPackageProductDependency;
			package = 02ED583B2AF2E7D000F215CA /* XCRemoteSwiftPackageReference "firebase-ios-sdk" */;
			productName = FirebaseInstallations;
		};
		02ED58642AF2E7D000F215CA /* FirebaseMLModelDownloader */ = {
			isa = XCSwiftPackageProductDependency;
			package = 02ED583B2AF2E7D000F215CA /* XCRemoteSwiftPackageReference "firebase-ios-sdk" */;
			productName = FirebaseMLModelDownloader;
		};
		02ED58662AF2E7D000F215CA /* FirebaseMessaging */ = {
			isa = XCSwiftPackageProductDependency;
			package = 02ED583B2AF2E7D000F215CA /* XCRemoteSwiftPackageReference "firebase-ios-sdk" */;
			productName = FirebaseMessaging;
		};
		02ED58682AF2E7D000F215CA /* FirebasePerformance */ = {
			isa = XCSwiftPackageProductDependency;
			package = 02ED583B2AF2E7D000F215CA /* XCRemoteSwiftPackageReference "firebase-ios-sdk" */;
			productName = FirebasePerformance;
		};
		02ED586A2AF2E7D000F215CA /* FirebaseRemoteConfig */ = {
			isa = XCSwiftPackageProductDependency;
			package = 02ED583B2AF2E7D000F215CA /* XCRemoteSwiftPackageReference "firebase-ios-sdk" */;
			productName = FirebaseRemoteConfig;
		};
		02ED586C2AF2E7D000F215CA /* FirebaseRemoteConfigSwift */ = {
			isa = XCSwiftPackageProductDependency;
			package = 02ED583B2AF2E7D000F215CA /* XCRemoteSwiftPackageReference "firebase-ios-sdk" */;
			productName = FirebaseRemoteConfigSwift;
		};
		02ED586E2AF2E7D000F215CA /* FirebaseStorage */ = {
			isa = XCSwiftPackageProductDependency;
			package = 02ED583B2AF2E7D000F215CA /* XCRemoteSwiftPackageReference "firebase-ios-sdk" */;
			productName = FirebaseStorage;
		};
		02ED58702AF2E7D000F215CA /* FirebaseStorageCombine-Community */ = {
			isa = XCSwiftPackageProductDependency;
			package = 02ED583B2AF2E7D000F215CA /* XCRemoteSwiftPackageReference "firebase-ios-sdk" */;
			productName = "FirebaseStorageCombine-Community";
		};
/* End XCSwiftPackageProductDependency section */
	};
	rootObject = 02CD094C2AF16E9300866B06 /* Project object */;
}
